
Microsoft Visual Studio Solution File, Format Version 12.00
# Visual Studio Version 16
VisualStudioVersion = 16.0.31424.327
MinimumVisualStudioVersion = 10.0.40219.1
Project("{FAE04EC0-301F-11D3-BF4B-00C04F79EFBC}") = "PS.TEMPLATE.PERSONA", "PS.TEMPLATE.PERSONA\PS.TEMPLATE.PERSONA.csproj", "{2389941F-81A9-4AE5-9802-B4D766B91897}"
EndProject
Project("{FAE04EC0-301F-11D3-BF4B-00C04F79EFBC}") = "APLICATION", "PS.TEMPLATE.APLICATION\APLICATION.csproj", "{FB76DF25-F848-453E-A784-9F9529540644}"
EndProject
Project("{FAE04EC0-301F-11D3-BF4B-00C04F79EFBC}") = "DOMINE", "DOMINE\DOMINE.csproj", "{31481FA5-EE95-45B2-B00E-0AC69E7AA2B4}"
EndProject
Project("{FAE04EC0-301F-11D3-BF4B-00C04F79EFBC}") = "DATA", "DATA\DATA.csproj", "{B59787E1-2EF2-48AB-BFF0-86BC4A9C1BB9}"
EndProject
Global
	GlobalSection(SolutionConfigurationPlatforms) = preSolution
		Debug|Any CPU = Debug|Any CPU
		Release|Any CPU = Release|Any CPU
	EndGlobalSection
	GlobalSection(ProjectConfigurationPlatforms) = postSolution
		{2389941F-81A9-4AE5-9802-B4D766B91897}.Debug|Any CPU.ActiveCfg = Debug|Any CPU
		{2389941F-81A9-4AE5-9802-B4D766B91897}.Debug|Any CPU.Build.0 = Debug|Any CPU
		{2389941F-81A9-4AE5-9802-B4D766B91897}.Release|Any CPU.ActiveCfg = Release|Any CPU
		{2389941F-81A9-4AE5-9802-B4D766B91897}.Release|Any CPU.Build.0 = Release|Any CPU
		{FB76DF25-F848-453E-A784-9F9529540644}.Debug|Any CPU.ActiveCfg = Debug|Any CPU
		{FB76DF25-F848-453E-A784-9F9529540644}.Debug|Any CPU.Build.0 = Debug|Any CPU
		{FB76DF25-F848-453E-A784-9F9529540644}.Release|Any CPU.ActiveCfg = Release|Any CPU
		{FB76DF25-F848-453E-A784-9F9529540644}.Release|Any CPU.Build.0 = Release|Any CPU
		{31481FA5-EE95-45B2-B00E-0AC69E7AA2B4}.Debug|Any CPU.ActiveCfg = Debug|Any CPU
		{31481FA5-EE95-45B2-B00E-0AC69E7AA2B4}.Debug|Any CPU.Build.0 = Debug|Any CPU
		{31481FA5-EE95-45B2-B00E-0AC69E7AA2B4}.Release|Any CPU.ActiveCfg = Release|Any CPU
		{31481FA5-EE95-45B2-B00E-0AC69E7AA2B4}.Release|Any CPU.Build.0 = Release|Any CPU
		{B59787E1-2EF2-48AB-BFF0-86BC4A9C1BB9}.Debug|Any CPU.ActiveCfg = Debug|Any CPU
		{B59787E1-2EF2-48AB-BFF0-86BC4A9C1BB9}.Debug|Any CPU.Build.0 = Debug|Any CPU
		{B59787E1-2EF2-48AB-BFF0-86BC4A9C1BB9}.Release|Any CPU.ActiveCfg = Release|Any CPU
		{B59787E1-2EF2-48AB-BFF0-86BC4A9C1BB9}.Release|Any CPU.Build.0 = Release|Any CPU
	EndGlobalSection
	GlobalSection(SolutionProperties) = preSolution
		HideSolutionNode = FALSE
	EndGlobalSection
	GlobalSection(ExtensibilityGlobals) = postSolution
		SolutionGuid = {621C030C-B2A5-45AC-AE5E-56A4E556DB4C}
	EndGlobalSection
EndGlobal
